{
  "name": "client",
  "version": "0.0.0",
  "lockfileVersion": 1,
  "requires": true,
  "dependencies": {
    "@types/jasmine": {
      "version": "3.3.16",
      "resolved": "https://registry.npmjs.org/@types/jasmine/-/jasmine-3.3.16.tgz",
      "integrity": "sha512-Nveep4zKGby8uIvG2AEUyYOwZS8uVeHK9TgbuWYSawUDDdIgfhCKz28QzamTo//Jk7Ztt9PO3f+vzlB6a4GV1Q==",
      "dev": true
    },
    "@types/jasminewd2": {
      "version": "2.0.10",
      "resolved": "https://registry.npmjs.org/@types/jasminewd2/-/jasminewd2-2.0.10.tgz",
      "integrity": "sha512-J7mDz7ovjwjc+Y9rR9rY53hFWKATcIkrr9DwQWmOas4/pnIPJTXawnzjwpHm3RSxz/e3ZVUvQ7cRbd5UQLo10g==",
      "dev": true,
      "requires": {
        "@types/jasmine": "*"
      }
    },
    "angular-notifier": {
      "version": "7.0.0",
      "resolved": "https://registry.npmjs.org/angular-notifier/-/angular-notifier-7.0.0.tgz",
      "integrity": "sha512-X5Vp2CvJlY7mUZaL7tofheXRUGzr7b+I5FoNhtz190guO3jsf5LA9kFXpaunThx4yEgPjTrHjblMuYebB2HTQg=="
    },
    "bootswatch": {
      "version": "5.1.3",
      "resolved": "https://registry.npmjs.org/bootswatch/-/bootswatch-5.1.3.tgz",
      "integrity": "sha512-NmZFN6rOCoXWQ/PkzmD8FFWDe24kocX9OXWHNVaLxVVnpqpAzEbMFsf8bAfKwVtpNXibasZCzv09B5fLieAh2g=="
    },
    "font-awesome": {
      "version": "4.7.0",
      "resolved": "https://registry.npmjs.org/font-awesome/-/font-awesome-4.7.0.tgz",
      "integrity": "sha1-j6jPBBGhoxr9B7BtKQK7n8gVoTM="
    },
    "karma-jasmine-html-reporter": {
      "version": "1.7.0",
      "resolved": "https://registry.npmjs.org/karma-jasmine-html-reporter/-/karma-jasmine-html-reporter-1.7.0.tgz",
      "integrity": "sha512-pzum1TL7j90DTE86eFt48/s12hqwQuiD+e5aXx2Dc9wDEn2LfGq6RoAxEZZjFiN0RDSCOnosEKRZWxbQ+iMpQQ==",
      "dev": true
    }
  }
}
